{
  "name": "homey-logic-reader",
  "version": "1.0.0",
  "lockfileVersion": 1,
  "requires": true,
  "dependencies": {
    "athom-api": {
      "version": "3.2.8",
      "resolved": "https://registry.npmjs.org/athom-api/-/athom-api-3.2.8.tgz",
      "integrity": "sha512-fS5BwzOJq83vLAhoMdJURD78fhUuJAm/rpNkMb81pnnGNb4cRHL+BI2syo/pF8+yGa8wA50hmOcZtbpuQf3pkQ=="
    }
  }
}
